
Microsoft Visual Studio Solution File, Format Version 12.00
# Visual Studio Version 17
VisualStudioVersion = 17.0.31919.166
MinimumVisualStudioVersion = 10.0.40219.1
Project("{9A19103F-16F7-4668-BE54-9A1E7A4F7556}") = "BoundlessBooksWeb", "BulkyBookWeb\BoundlessBooksWeb.csproj", "{361AAAA7-040B-4E7F-BA72-9AB72F0C83F0}"
EndProject
Project("{9A19103F-16F7-4668-BE54-9A1E7A4F7556}") = "BoundlessBooks.DataAccess", "BulkyBook.DataAccess\BoundlessBooks.DataAccess.csproj", "{A6F5B4EE-361F-4DB3-81BF-486BDDA2E566}"
EndProject
Project("{9A19103F-16F7-4668-BE54-9A1E7A4F7556}") = "BoundlessBooks.Models", "BulkyBook.Models\BoundlessBooks.Models.csproj", "{5E1D0283-5687-4FED-AE69-FEFD3F4C89BA}"
EndProject
Project("{9A19103F-16F7-4668-BE54-9A1E7A4F7556}") = "BoundlessBooks.Utility", "BulkyBook.Utility\BoundlessBooks.Utility.csproj", "{E11C7D81-DABA-4AAC-A44A-F0C8C1630294}"
EndProject
Global
	GlobalSection(SolutionConfigurationPlatforms) = preSolution
		Debug|Any CPU = Debug|Any CPU
		Release|Any CPU = Release|Any CPU
	EndGlobalSection
	GlobalSection(ProjectConfigurationPlatforms) = postSolution
		{361AAAA7-040B-4E7F-BA72-9AB72F0C83F0}.Debug|Any CPU.ActiveCfg = Debug|Any CPU
		{361AAAA7-040B-4E7F-BA72-9AB72F0C83F0}.Debug|Any CPU.Build.0 = Debug|Any CPU
		{361AAAA7-040B-4E7F-BA72-9AB72F0C83F0}.Release|Any CPU.ActiveCfg = Release|Any CPU
		{361AAAA7-040B-4E7F-BA72-9AB72F0C83F0}.Release|Any CPU.Build.0 = Release|Any CPU
		{A6F5B4EE-361F-4DB3-81BF-486BDDA2E566}.Debug|Any CPU.ActiveCfg = Debug|Any CPU
		{A6F5B4EE-361F-4DB3-81BF-486BDDA2E566}.Debug|Any CPU.Build.0 = Debug|Any CPU
		{A6F5B4EE-361F-4DB3-81BF-486BDDA2E566}.Release|Any CPU.ActiveCfg = Release|Any CPU
		{A6F5B4EE-361F-4DB3-81BF-486BDDA2E566}.Release|Any CPU.Build.0 = Release|Any CPU
		{5E1D0283-5687-4FED-AE69-FEFD3F4C89BA}.Debug|Any CPU.ActiveCfg = Debug|Any CPU
		{5E1D0283-5687-4FED-AE69-FEFD3F4C89BA}.Debug|Any CPU.Build.0 = Debug|Any CPU
		{5E1D0283-5687-4FED-AE69-FEFD3F4C89BA}.Release|Any CPU.ActiveCfg = Release|Any CPU
		{5E1D0283-5687-4FED-AE69-FEFD3F4C89BA}.Release|Any CPU.Build.0 = Release|Any CPU
		{E11C7D81-DABA-4AAC-A44A-F0C8C1630294}.Debug|Any CPU.ActiveCfg = Debug|Any CPU
		{E11C7D81-DABA-4AAC-A44A-F0C8C1630294}.Debug|Any CPU.Build.0 = Debug|Any CPU
		{E11C7D81-DABA-4AAC-A44A-F0C8C1630294}.Release|Any CPU.ActiveCfg = Release|Any CPU
		{E11C7D81-DABA-4AAC-A44A-F0C8C1630294}.Release|Any CPU.Build.0 = Release|Any CPU
	EndGlobalSection
	GlobalSection(SolutionProperties) = preSolution
		HideSolutionNode = FALSE
	EndGlobalSection
	GlobalSection(ExtensibilityGlobals) = postSolution
		SolutionGuid = {04FF6CFA-5FD7-41D0-9FDB-A9050746133D}
	EndGlobalSection
EndGlobal
